// !$*UTF8*$!
{
	archiveVersion = 1;
	classes = {
	};
	objectVersion = 55;
	objects = {

/* Begin PBXBuildFile section */
		3BE1A64A04A7ED263D1067FD /* Pods_RickAndMortyApp.framework in Frameworks */ = {isa = PBXBuildFile; fileRef = 0F4763CC135BBE093940E194 /* Pods_RickAndMortyApp.framework */; };
		FE59B59D2907D5D4004B7B24 /* AppDelegate.swift in Sources */ = {isa = PBXBuildFile; fileRef = FE59B59C2907D5D4004B7B24 /* AppDelegate.swift */; };
		FE59B59F2907D5D4004B7B24 /* SceneDelegate.swift in Sources */ = {isa = PBXBuildFile; fileRef = FE59B59E2907D5D4004B7B24 /* SceneDelegate.swift */; };
		FE59B5A12907D5D4004B7B24 /* ViewController.swift in Sources */ = {isa = PBXBuildFile; fileRef = FE59B5A02907D5D4004B7B24 /* ViewController.swift */; };
		FE59B5A42907D5D4004B7B24 /* Main.storyboard in Resources */ = {isa = PBXBuildFile; fileRef = FE59B5A22907D5D4004B7B24 /* Main.storyboard */; };
		FE59B5A62907D5D5004B7B24 /* Assets.xcassets in Resources */ = {isa = PBXBuildFile; fileRef = FE59B5A52907D5D5004B7B24 /* Assets.xcassets */; };
		FE59B5A92907D5D5004B7B24 /* LaunchScreen.storyboard in Resources */ = {isa = PBXBuildFile; fileRef = FE59B5A72907D5D5004B7B24 /* LaunchScreen.storyboard */; };
		FE59B5BC2907D9C7004B7B24 /* MainViewController.swift in Sources */ = {isa = PBXBuildFile; fileRef = FE59B5BB2907D9C6004B7B24 /* MainViewController.swift */; };
		FE59B5BE2907D9E1004B7B24 /* MainViewModel.swift in Sources */ = {isa = PBXBuildFile; fileRef = FE59B5BD2907D9E1004B7B24 /* MainViewModel.swift */; };
		FE59B5C02907DAF2004B7B24 /* Models.swift in Sources */ = {isa = PBXBuildFile; fileRef = FE59B5BF2907DAF2004B7B24 /* Models.swift */; };
		FE59B5C22907E50D004B7B24 /* Podfile in Resources */ = {isa = PBXBuildFile; fileRef = FE59B5C12907E50D004B7B24 /* Podfile */; };
/* End PBXBuildFile section */

/* Begin PBXFileReference section */
		0F4763CC135BBE093940E194 /* Pods_RickAndMortyApp.framework */ = {isa = PBXFileReference; explicitFileType = wrapper.framework; includeInIndex = 0; path = Pods_RickAndMortyApp.framework; sourceTree = BUILT_PRODUCTS_DIR; };
		795E4A0F55E0E5B6EB740999 /* Pods-RickAndMortyApp.release.xcconfig */ = {isa = PBXFileReference; includeInIndex = 1; lastKnownFileType = text.xcconfig; name = "Pods-RickAndMortyApp.release.xcconfig"; path = "Target Support Files/Pods-RickAndMortyApp/Pods-RickAndMortyApp.release.xcconfig"; sourceTree = "<group>"; };
		796464CB4E208A34F82E1978 /* Pods-RickAndMortyApp.debug.xcconfig */ = {isa = PBXFileReference; includeInIndex = 1; lastKnownFileType = text.xcconfig; name = "Pods-RickAndMortyApp.debug.xcconfig"; path = "Target Support Files/Pods-RickAndMortyApp/Pods-RickAndMortyApp.debug.xcconfig"; sourceTree = "<group>"; };
		FE59B5992907D5D4004B7B24 /* RickAndMortyApp.app */ = {isa = PBXFileReference; explicitFileType = wrapper.application; includeInIndex = 0; path = RickAndMortyApp.app; sourceTree = BUILT_PRODUCTS_DIR; };
		FE59B59C2907D5D4004B7B24 /* AppDelegate.swift */ = {isa = PBXFileReference; lastKnownFileType = sourcecode.swift; path = AppDelegate.swift; sourceTree = "<group>"; };
		FE59B59E2907D5D4004B7B24 /* SceneDelegate.swift */ = {isa = PBXFileReference; lastKnownFileType = sourcecode.swift; path = SceneDelegate.swift; sourceTree = "<group>"; };
		FE59B5A02907D5D4004B7B24 /* ViewController.swift */ = {isa = PBXFileReference; lastKnownFileType = sourcecode.swift; path = ViewController.swift; sourceTree = "<group>"; };
		FE59B5A32907D5D4004B7B24 /* Base */ = {isa = PBXFileReference; lastKnownFileType = file.storyboard; name = Base; path = Base.lproj/Main.storyboard; sourceTree = "<group>"; };
		FE59B5A52907D5D5004B7B24 /* Assets.xcassets */ = {isa = PBXFileReference; lastKnownFileType = folder.assetcatalog; path = Assets.xcassets; sourceTree = "<group>"; };
		FE59B5A82907D5D5004B7B24 /* Base */ = {isa = PBXFileReference; lastKnownFileType = file.storyboard; name = Base; path = Base.lproj/LaunchScreen.storyboard; sourceTree = "<group>"; };
		FE59B5AA2907D5D5004B7B24 /* Info.plist */ = {isa = PBXFileReference; lastKnownFileType = text.plist.xml; path = Info.plist; sourceTree = "<group>"; };
		FE59B5BB2907D9C6004B7B24 /* MainViewController.swift */ = {isa = PBXFileReference; lastKnownFileType = sourcecode.swift; path = MainViewController.swift; sourceTree = "<group>"; };
		FE59B5BD2907D9E1004B7B24 /* MainViewModel.swift */ = {isa = PBXFileReference; lastKnownFileType = sourcecode.swift; path = MainViewModel.swift; sourceTree = "<group>"; };
		FE59B5BF2907DAF2004B7B24 /* Models.swift */ = {isa = PBXFileReference; lastKnownFileType = sourcecode.swift; path = Models.swift; sourceTree = "<group>"; };
		FE59B5C12907E50D004B7B24 /* Podfile */ = {isa = PBXFileReference; fileEncoding = 4; lastKnownFileType = text; path = Podfile; sourceTree = "<group>"; };
/* End PBXFileReference section */

/* Begin PBXFrameworksBuildPhase section */
		FE59B5962907D5D4004B7B24 /* Frameworks */ = {
			isa = PBXFrameworksBuildPhase;
			buildActionMask = 2147483647;
			files = (
				3BE1A64A04A7ED263D1067FD /* Pods_RickAndMortyApp.framework in Frameworks */,
			);
			runOnlyForDeploymentPostprocessing = 0;
		};
/* End PBXFrameworksBuildPhase section */

/* Begin PBXGroup section */
		09EE963CAD31D9E5B945A216 /* Pods */ = {
			isa = PBXGroup;
			children = (
				796464CB4E208A34F82E1978 /* Pods-RickAndMortyApp.debug.xcconfig */,
				795E4A0F55E0E5B6EB740999 /* Pods-RickAndMortyApp.release.xcconfig */,
			);
			name = Pods;
			path = Pods;
			sourceTree = "<group>";
		};
		31C35A1050F3DDDC6691F238 /* Frameworks */ = {
			isa = PBXGroup;
			children = (
				0F4763CC135BBE093940E194 /* Pods_RickAndMortyApp.framework */,
			);
			name = Frameworks;
			sourceTree = "<group>";
		};
		FE59B5902907D5D3004B7B24 = {
			isa = PBXGroup;
			children = (
				FE59B5C12907E50D004B7B24 /* Podfile */,
				FE59B59B2907D5D4004B7B24 /* RickAndMortyApp */,
				FE59B59A2907D5D4004B7B24 /* Products */,
				09EE963CAD31D9E5B945A216 /* Pods */,
				31C35A1050F3DDDC6691F238 /* Frameworks */,
			);
			sourceTree = "<group>";
		};
		FE59B59A2907D5D4004B7B24 /* Products */ = {
			isa = PBXGroup;
			children = (
				FE59B5992907D5D4004B7B24 /* RickAndMortyApp.app */,
			);
			name = Products;
			sourceTree = "<group>";
		};
		FE59B59B2907D5D4004B7B24 /* RickAndMortyApp */ = {
			isa = PBXGroup;
			children = (
				FE59B5B02907D837004B7B24 /* Features */,
				FE59B59C2907D5D4004B7B24 /* AppDelegate.swift */,
				FE59B59E2907D5D4004B7B24 /* SceneDelegate.swift */,
				FE59B5A02907D5D4004B7B24 /* ViewController.swift */,
				FE59B5A22907D5D4004B7B24 /* Main.storyboard */,
				FE59B5A52907D5D5004B7B24 /* Assets.xcassets */,
				FE59B5A72907D5D5004B7B24 /* LaunchScreen.storyboard */,
				FE59B5AA2907D5D5004B7B24 /* Info.plist */,
			);
			path = RickAndMortyApp;
			sourceTree = "<group>";
		};
		FE59B5B02907D837004B7B24 /* Features */ = {
			isa = PBXGroup;
			children = (
				FE59B5B52907D8B6004B7B24 /* DetailCharacter */,
				FE59B5B42907D894004B7B24 /* Main */,
			);
			path = Features;
			sourceTree = "<group>";
		};
		FE59B5B42907D894004B7B24 /* Main */ = {
			isa = PBXGroup;
			children = (
				FE59B5B82907D974004B7B24 /* Model */,
				FE59B5B72907D96C004B7B24 /* Controller */,
				FE59B5B62907D95D004B7B24 /* ViewModel */,
			);
			path = Main;
			sourceTree = "<group>";
		};
		FE59B5B52907D8B6004B7B24 /* DetailCharacter */ = {
			isa = PBXGroup;
			children = (
				FE59B5BA2907D982004B7B24 /* ViewModel */,
				FE59B5B92907D97A004B7B24 /* Controller */,
			);
			path = DetailCharacter;
			sourceTree = "<group>";
		};
		FE59B5B62907D95D004B7B24 /* ViewModel */ = {
			isa = PBXGroup;
			children = (
				FE59B5BD2907D9E1004B7B24 /* MainViewModel.swift */,
			);
			path = ViewModel;
			sourceTree = "<group>";
		};
		FE59B5B72907D96C004B7B24 /* Controller */ = {
			isa = PBXGroup;
			children = (
				FE59B5BB2907D9C6004B7B24 /* MainViewController.swift */,
			);
			path = Controller;
			sourceTree = "<group>";
		};
		FE59B5B82907D974004B7B24 /* Model */ = {
			isa = PBXGroup;
			children = (
				FE59B5BF2907DAF2004B7B24 /* Models.swift */,
			);
			path = Model;
			sourceTree = "<group>";
		};
		FE59B5B92907D97A004B7B24 /* Controller */ = {
			isa = PBXGroup;
			children = (
			);
			path = Controller;
			sourceTree = "<group>";
		};
		FE59B5BA2907D982004B7B24 /* ViewModel */ = {
			isa = PBXGroup;
			children = (
			);
			path = ViewModel;
			sourceTree = "<group>";
		};
/* End PBXGroup section */

/* Begin PBXNativeTarget section */
		FE59B5982907D5D4004B7B24 /* RickAndMortyApp */ = {
			isa = PBXNativeTarget;
			buildConfigurationList = FE59B5AD2907D5D5004B7B24 /* Build configuration list for PBXNativeTarget "RickAndMortyApp" */;
			buildPhases = (
				B8EED1E9F31B773416BAE43F /* [CP] Check Pods Manifest.lock */,
				FE59B5952907D5D4004B7B24 /* Sources */,
				FE59B5962907D5D4004B7B24 /* Frameworks */,
				FE59B5972907D5D4004B7B24 /* Resources */,
				17ABAFDDDBF23B96216BED44 /* [CP] Embed Pods Frameworks */,
			);
			buildRules = (
			);
			dependencies = (
			);
			name = RickAndMortyApp;
			productName = RickAndMortyApp;
			productReference = FE59B5992907D5D4004B7B24 /* RickAndMortyApp.app */;
			productType = "com.apple.product-type.application";
		};
/* End PBXNativeTarget section */

/* Begin PBXProject section */
		FE59B5912907D5D3004B7B24 /* Project object */ = {
			isa = PBXProject;
			attributes = {
				BuildIndependentTargetsInParallel = 1;
				LastSwiftUpdateCheck = 1310;
				LastUpgradeCheck = 1310;
				TargetAttributes = {
					FE59B5982907D5D4004B7B24 = {
						CreatedOnToolsVersion = 13.1;
					};
				};
			};
			buildConfigurationList = FE59B5942907D5D3004B7B24 /* Build configuration list for PBXProject "RickAndMortyApp" */;
			compatibilityVersion = "Xcode 13.0";
			developmentRegion = en;
			hasScannedForEncodings = 0;
			knownRegions = (
				en,
				Base,
			);
			mainGroup = FE59B5902907D5D3004B7B24;
			productRefGroup = FE59B59A2907D5D4004B7B24 /* Products */;
			projectDirPath = "";
			projectRoot = "";
			targets = (
				FE59B5982907D5D4004B7B24 /* RickAndMortyApp */,
			);
		};
/* End PBXProject section */

/* Begin PBXResourcesBuildPhase section */
		FE59B5972907D5D4004B7B24 /* Resources */ = {
			isa = PBXResourcesBuildPhase;
			buildActionMask = 2147483647;
			files = (
				FE59B5A92907D5D5004B7B24 /* LaunchScreen.storyboard in Resources */,
				FE59B5A62907D5D5004B7B24 /* Assets.xcassets in Resources */,
				FE59B5C22907E50D004B7B24 /* Podfile in Resources */,
				FE59B5A42907D5D4004B7B24 /* Main.storyboard in Resources */,
			);
			runOnlyForDeploymentPostprocessing = 0;
		};
/* End PBXResourcesBuildPhase section */

/* Begin PBXShellScriptBuildPhase section */
		17ABAFDDDBF23B96216BED44 /* [CP] Embed Pods Frameworks */ = {
			isa = PBXShellScriptBuildPhase;
			buildActionMask = 2147483647;
			files = (
			);
			inputFileListPaths = (
				"${PODS_ROOT}/Target Support Files/Pods-RickAndMortyApp/Pods-RickAndMortyApp-frameworks-${CONFIGURATION}-input-files.xcfilelist",
			);
			name = "[CP] Embed Pods Frameworks";
			outputFileListPaths = (
				"${PODS_ROOT}/Target Support Files/Pods-RickAndMortyApp/Pods-RickAndMortyApp-frameworks-${CONFIGURATION}-output-files.xcfilelist",
			);
			runOnlyForDeploymentPostprocessing = 0;
			shellPath = /bin/sh;
			shellScript = "\"${PODS_ROOT}/Target Support Files/Pods-RickAndMortyApp/Pods-RickAndMortyApp-frameworks.sh\"\n";
			showEnvVarsInLog = 0;
		};
		B8EED1E9F31B773416BAE43F /* [CP] Check Pods Manifest.lock */ = {
			isa = PBXShellScriptBuildPhase;
			buildActionMask = 2147483647;
			files = (
			);
			inputFileListPaths = (
			);
			inputPaths = (
				"${PODS_PODFILE_DIR_PATH}/Podfile.lock",
				"${PODS_ROOT}/Manifest.lock",
			);
			name = "[CP] Check Pods Manifest.lock";
			outputFileListPaths = (
			);
			outputPaths = (
				"$(DERIVED_FILE_DIR)/Pods-RickAndMortyApp-checkManifestLockResult.txt",
			);
			runOnlyForDeploymentPostprocessing = 0;
			shellPath = /bin/sh;
			shellScript = "diff \"${PODS_PODFILE_DIR_PATH}/Podfile.lock\" \"${PODS_ROOT}/Manifest.lock\" > /dev/null\nif [ $? != 0 ] ; then\n    # print error to STDERR\n    echo \"error: The sandbox is not in sync with the Podfile.lock. Run 'pod install' or update your CocoaPods installation.\" >&2\n    exit 1\nfi\n# This output is used by Xcode 'outputs' to avoid re-running this script phase.\necho \"SUCCESS\" > \"${SCRIPT_OUTPUT_FILE_0}\"\n";
			showEnvVarsInLog = 0;
		};
/* End PBXShellScriptBuildPhase section */

/* Begin PBXSourcesBuildPhase section */
		FE59B5952907D5D4004B7B24 /* Sources */ = {
			isa = PBXSourcesBuildPhase;
			buildActionMask = 2147483647;
			files = (
				FE59B5BE2907D9E1004B7B24 /* MainViewModel.swift in Sources */,
				FE59B5A12907D5D4004B7B24 /* ViewController.swift in Sources */,
				FE59B59D2907D5D4004B7B24 /* AppDelegate.swift in Sources */,
				FE59B5C02907DAF2004B7B24 /* Models.swift in Sources */,
				FE59B59F2907D5D4004B7B24 /* SceneDelegate.swift in Sources */,
				FE59B5BC2907D9C7004B7B24 /* MainViewController.swift in Sources */,
			);
			runOnlyForDeploymentPostprocessing = 0;
		};
/* End PBXSourcesBuildPhase section */

/* Begin PBXVariantGroup section */
		FE59B5A22907D5D4004B7B24 /* Main.storyboard */ = {
			isa = PBXVariantGroup;
			children = (
				FE59B5A32907D5D4004B7B24 /* Base */,
			);
			name = Main.storyboard;
			sourceTree = "<group>";
		};
		FE59B5A72907D5D5004B7B24 /* LaunchScreen.storyboard */ = {
			isa = PBXVariantGroup;
			children = (
				FE59B5A82907D5D5004B7B24 /* Base */,
			);
			name = LaunchScreen.storyboard;
			sourceTree = "<group>";
		};
/* End PBXVariantGroup section */

/* Begin XCBuildConfiguration section */
		FE59B5AB2907D5D5004B7B24 /* Debug */ = {
			isa = XCBuildConfiguration;
			buildSettings = {
				ALWAYS_SEARCH_USER_PATHS = NO;
				CLANG_ANALYZER_NONNULL = YES;
				CLANG_ANALYZER_NUMBER_OBJECT_CONVERSION = YES_AGGRESSIVE;
				CLANG_CXX_LANGUAGE_STANDARD = "gnu++17";
				CLANG_CXX_LIBRARY = "libc++";
				CLANG_ENABLE_MODULES = YES;
				CLANG_ENABLE_OBJC_ARC = YES;
				CLANG_ENABLE_OBJC_WEAK = YES;
				CLANG_WARN_BLOCK_CAPTURE_AUTORELEASING = YES;
				CLANG_WARN_BOOL_CONVERSION = YES;
				CLANG_WARN_COMMA = YES;
				CLANG_WARN_CONSTANT_CONVERSION = YES;
				CLANG_WARN_DEPRECATED_OBJC_IMPLEMENTATIONS = YES;
				CLANG_WARN_DIRECT_OBJC_ISA_USAGE = YES_ERROR;
				CLANG_WARN_DOCUMENTATION_COMMENTS = YES;
				CLANG_WARN_EMPTY_BODY = YES;
				CLANG_WARN_ENUM_CONVERSION = YES;
				CLANG_WARN_INFINITE_RECURSION = YES;
				CLANG_WARN_INT_CONVERSION = YES;
				CLANG_WARN_NON_LITERAL_NULL_CONVERSION = YES;
				CLANG_WARN_OBJC_IMPLICIT_RETAIN_SELF = YES;
				CLANG_WARN_OBJC_LITERAL_CONVERSION = YES;
				CLANG_WARN_OBJC_ROOT_CLASS = YES_ERROR;
				CLANG_WARN_QUOTED_INCLUDE_IN_FRAMEWORK_HEADER = YES;
				CLANG_WARN_RANGE_LOOP_ANALYSIS = YES;
				CLANG_WARN_STRICT_PROTOTYPES = YES;
				CLANG_WARN_SUSPICIOUS_MOVE = YES;
				CLANG_WARN_UNGUARDED_AVAILABILITY = YES_AGGRESSIVE;
				CLANG_WARN_UNREACHABLE_CODE = YES;
				CLANG_WARN__DUPLICATE_METHOD_MATCH = YES;
				COPY_PHASE_STRIP = NO;
				DEBUG_INFORMATION_FORMAT = dwarf;
				ENABLE_STRICT_OBJC_MSGSEND = YES;
				ENABLE_TESTABILITY = YES;
				GCC_C_LANGUAGE_STANDARD = gnu11;
				GCC_DYNAMIC_NO_PIC = NO;
				GCC_NO_COMMON_BLOCKS = YES;
				GCC_OPTIMIZATION_LEVEL = 0;
				GCC_PREPROCESSOR_DEFINITIONS = (
					"DEBUG=1",
					"$(inherited)",
				);
				GCC_WARN_64_TO_32_BIT_CONVERSION = YES;
				GCC_WARN_ABOUT_RETURN_TYPE = YES_ERROR;
				GCC_WARN_UNDECLARED_SELECTOR = YES;
				GCC_WARN_UNINITIALIZED_AUTOS = YES_AGGRESSIVE;
				GCC_WARN_UNUSED_FUNCTION = YES;
				GCC_WARN_UNUSED_VARIABLE = YES;
				IPHONEOS_DEPLOYMENT_TARGET = 15.0;
				MTL_ENABLE_DEBUG_INFO = INCLUDE_SOURCE;
				MTL_FAST_MATH = YES;
				ONLY_ACTIVE_ARCH = YES;
				SDKROOT = iphoneos;
				SWIFT_ACTIVE_COMPILATION_CONDITIONS = DEBUG;
				SWIFT_OPTIMIZATION_LEVEL = "-Onone";
				SWIFT_VERSION = 5.0;
			};
			name = Debug;
		};
		FE59B5AC2907D5D5004B7B24 /* Release */ = {
			isa = XCBuildConfiguration;
			buildSettings = {
				ALWAYS_SEARCH_USER_PATHS = NO;
				CLANG_ANALYZER_NONNULL = YES;
				CLANG_ANALYZER_NUMBER_OBJECT_CONVERSION = YES_AGGRESSIVE;
				CLANG_CXX_LANGUAGE_STANDARD = "gnu++17";
				CLANG_CXX_LIBRARY = "libc++";
				CLANG_ENABLE_MODULES = YES;
				CLANG_ENABLE_OBJC_ARC = YES;
				CLANG_ENABLE_OBJC_WEAK = YES;
				CLANG_WARN_BLOCK_CAPTURE_AUTORELEASING = YES;
				CLANG_WARN_BOOL_CONVERSION = YES;
				CLANG_WARN_COMMA = YES;
				CLANG_WARN_CONSTANT_CONVERSION = YES;
				CLANG_WARN_DEPRECATED_OBJC_IMPLEMENTATIONS = YES;
				CLANG_WARN_DIRECT_OBJC_ISA_USAGE = YES_ERROR;
				CLANG_WARN_DOCUMENTATION_COMMENTS = YES;
				CLANG_WARN_EMPTY_BODY = YES;
				CLANG_WARN_ENUM_CONVERSION = YES;
				CLANG_WARN_INFINITE_RECURSION = YES;
				CLANG_WARN_INT_CONVERSION = YES;
				CLANG_WARN_NON_LITERAL_NULL_CONVERSION = YES;
				CLANG_WARN_OBJC_IMPLICIT_RETAIN_SELF = YES;
				CLANG_WARN_OBJC_LITERAL_CONVERSION = YES;
				CLANG_WARN_OBJC_ROOT_CLASS = YES_ERROR;
				CLANG_WARN_QUOTED_INCLUDE_IN_FRAMEWORK_HEADER = YES;
				CLANG_WARN_RANGE_LOOP_ANALYSIS = YES;
				CLANG_WARN_STRICT_PROTOTYPES = YES;
				CLANG_WARN_SUSPICIOUS_MOVE = YES;
				CLANG_WARN_UNGUARDED_AVAILABILITY = YES_AGGRESSIVE;
				CLANG_WARN_UNREACHABLE_CODE = YES;
				CLANG_WARN__DUPLICATE_METHOD_MATCH = YES;
				COPY_PHASE_STRIP = NO;
				DEBUG_INFORMATION_FORMAT = "dwarf-with-dsym";
				ENABLE_NS_ASSERTIONS = NO;
				ENABLE_STRICT_OBJC_MSGSEND = YES;
				GCC_C_LANGUAGE_STANDARD = gnu11;
				GCC_NO_COMMON_BLOCKS = YES;
				GCC_WARN_64_TO_32_BIT_CONVERSION = YES;
				GCC_WARN_ABOUT_RETURN_TYPE = YES_ERROR;
				GCC_WARN_UNDECLARED_SELECTOR = YES;
				GCC_WARN_UNINITIALIZED_AUTOS = YES_AGGRESSIVE;
				GCC_WARN_UNUSED_FUNCTION = YES;
				GCC_WARN_UNUSED_VARIABLE = YES;
				IPHONEOS_DEPLOYMENT_TARGET = 15.0;
				MTL_ENABLE_DEBUG_INFO = NO;
				MTL_FAST_MATH = YES;
				SDKROOT = iphoneos;
				SWIFT_COMPILATION_MODE = wholemodule;
				SWIFT_OPTIMIZATION_LEVEL = "-O";
				SWIFT_VERSION = 5.0;
				VALIDATE_PRODUCT = YES;
			};
			name = Release;
		};
		FE59B5AE2907D5D5004B7B24 /* Debug */ = {
			isa = XCBuildConfiguration;
			baseConfigurationReference = 796464CB4E208A34F82E1978 /* Pods-RickAndMortyApp.debug.xcconfig */;
			buildSettings = {
				ASSETCATALOG_COMPILER_APPICON_NAME = AppIcon;
				ASSETCATALOG_COMPILER_GLOBAL_ACCENT_COLOR_NAME = AccentColor;
				CODE_SIGN_STYLE = Automatic;
				CURRENT_PROJECT_VERSION = 1;
				GENERATE_INFOPLIST_FILE = YES;
				INFOPLIST_FILE = RickAndMortyApp/Info.plist;
				INFOPLIST_KEY_UIApplicationSupportsIndirectInputEvents = YES;
				INFOPLIST_KEY_UILaunchStoryboardName = LaunchScreen;
				INFOPLIST_KEY_UIMainStoryboardFile = Main;
				INFOPLIST_KEY_UISupportedInterfaceOrientations_iPad = "UIInterfaceOrientationPortrait UIInterfaceOrientationPortraitUpsideDown UIInterfaceOrientationLandscapeLeft UIInterfaceOrientationLandscapeRight";
				INFOPLIST_KEY_UISupportedInterfaceOrientations_iPhone = "UIInterfaceOrientationPortrait UIInterfaceOrientationLandscapeLeft UIInterfaceOrientationLandscapeRight";
				LD_RUNPATH_SEARCH_PATHS = (
					"$(inherited)",
					"@executable_path/Frameworks",
				);
				MARKETING_VERSION = 1.0;
				PRODUCT_BUNDLE_IDENTIFIER = RickAndMortyAPI.RickAndMortyApp;
				PRODUCT_NAME = "$(TARGET_NAME)";
				SWIFT_EMIT_LOC_STRINGS = YES;
				SWIFT_VERSION = 5.0;
				TARGETED_DEVICE_FAMILY = "1,2";
			};
			name = Debug;
		};
		FE59B5AF2907D5D5004B7B24 /* Release */ = {
			isa = XCBuildConfiguration;
			baseConfigurationReference = 795E4A0F55E0E5B6EB740999 /* Pods-RickAndMortyApp.release.xcconfig */;
			buildSettings = {
				ASSETCATALOG_COMPILER_APPICON_NAME = AppIcon;
				ASSETCATALOG_COMPILER_GLOBAL_ACCENT_COLOR_NAME = AccentColor;
				CODE_SIGN_STYLE = Automatic;
				CURRENT_PROJECT_VERSION = 1;
				GENERATE_INFOPLIST_FILE = YES;
				INFOPLIST_FILE = RickAndMortyApp/Info.plist;
				INFOPLIST_KEY_UIApplicationSupportsIndirectInputEvents = YES;
				INFOPLIST_KEY_UILaunchStoryboardName = LaunchScreen;
				INFOPLIST_KEY_UIMainStoryboardFile = Main;
				INFOPLIST_KEY_UISupportedInterfaceOrientations_iPad = "UIInterfaceOrientationPortrait UIInterfaceOrientationPortraitUpsideDown UIInterfaceOrientationLandscapeLeft UIInterfaceOrientationLandscapeRight";
				INFOPLIST_KEY_UISupportedInterfaceOrientations_iPhone = "UIInterfaceOrientationPortrait UIInterfaceOrientationLandscapeLeft UIInterfaceOrientationLandscapeRight";
				LD_RUNPATH_SEARCH_PATHS = (
					"$(inherited)",
					"@executable_path/Frameworks",
				);
				MARKETING_VERSION = 1.0;
				PRODUCT_BUNDLE_IDENTIFIER = RickAndMortyAPI.RickAndMortyApp;
				PRODUCT_NAME = "$(TARGET_NAME)";
				SWIFT_EMIT_LOC_STRINGS = YES;
				SWIFT_VERSION = 5.0;
				TARGETED_DEVICE_FAMILY = "1,2";
			};
			name = Release;
		};
/* End XCBuildConfiguration section */

/* Begin XCConfigurationList section */
		FE59B5942907D5D3004B7B24 /* Build configuration list for PBXProject "RickAndMortyApp" */ = {
			isa = XCConfigurationList;
			buildConfigurations = (
				FE59B5AB2907D5D5004B7B24 /* Debug */,
				FE59B5AC2907D5D5004B7B24 /* Release */,
			);
			defaultConfigurationIsVisible = 0;
			defaultConfigurationName = Release;
		};
		FE59B5AD2907D5D5004B7B24 /* Build configuration list for PBXNativeTarget "RickAndMortyApp" */ = {
			isa = XCConfigurationList;
			buildConfigurations = (
				FE59B5AE2907D5D5004B7B24 /* Debug */,
				FE59B5AF2907D5D5004B7B24 /* Release */,
			);
			defaultConfigurationIsVisible = 0;
			defaultConfigurationName = Release;
		};
/* End XCConfigurationList section */
	};
	rootObject = FE59B5912907D5D3004B7B24 /* Project object */;
}
